
Microsoft Visual Studio Solution File, Format Version 12.00
# Visual Studio Version 16
VisualStudioVersion = 16.0.32106.194
MinimumVisualStudioVersion = 10.0.40219.1
Project("{FAE04EC0-301F-11D3-BF4B-00C04F79EFBC}") = "MvcLayOutSample", "MvcLayOutSample\MvcLayOutSample.csproj", "{837C21B6-3013-4EE3-9C0D-4B201E6EA296}"
EndProject
Global
	GlobalSection(SolutionConfigurationPlatforms) = preSolution
		Debug|Any CPU = Debug|Any CPU
		Release|Any CPU = Release|Any CPU
	EndGlobalSection
	GlobalSection(ProjectConfigurationPlatforms) = postSolution
		{837C21B6-3013-4EE3-9C0D-4B201E6EA296}.Debug|Any CPU.ActiveCfg = Debug|Any CPU
		{837C21B6-3013-4EE3-9C0D-4B201E6EA296}.Debug|Any CPU.Build.0 = Debug|Any CPU
		{837C21B6-3013-4EE3-9C0D-4B201E6EA296}.Release|Any CPU.ActiveCfg = Release|Any CPU
		{837C21B6-3013-4EE3-9C0D-4B201E6EA296}.Release|Any CPU.Build.0 = Release|Any CPU
	EndGlobalSection
	GlobalSection(SolutionProperties) = preSolution
		HideSolutionNode = FALSE
	EndGlobalSection
	GlobalSection(ExtensibilityGlobals) = postSolution
		SolutionGuid = {6731F77B-347E-4E59-9066-D2762217ACE0}
	EndGlobalSection
EndGlobal
