
Microsoft Visual Studio Solution File, Format Version 12.00
# Visual Studio Version 16
VisualStudioVersion = 16.0.32106.194
MinimumVisualStudioVersion = 10.0.40219.1
Project("{FAE04EC0-301F-11D3-BF4B-00C04F79EFBC}") = "08_mvc_WithTemplate_RenderBody", "08_mvc_WithTemplate_RenderBody\08_mvc_WithTemplate_RenderBody.csproj", "{81E34B67-35D6-4745-B454-4AED7A998847}"
EndProject
Global
	GlobalSection(SolutionConfigurationPlatforms) = preSolution
		Debug|Any CPU = Debug|Any CPU
		Release|Any CPU = Release|Any CPU
	EndGlobalSection
	GlobalSection(ProjectConfigurationPlatforms) = postSolution
		{81E34B67-35D6-4745-B454-4AED7A998847}.Debug|Any CPU.ActiveCfg = Debug|Any CPU
		{81E34B67-35D6-4745-B454-4AED7A998847}.Debug|Any CPU.Build.0 = Debug|Any CPU
		{81E34B67-35D6-4745-B454-4AED7A998847}.Release|Any CPU.ActiveCfg = Release|Any CPU
		{81E34B67-35D6-4745-B454-4AED7A998847}.Release|Any CPU.Build.0 = Release|Any CPU
	EndGlobalSection
	GlobalSection(SolutionProperties) = preSolution
		HideSolutionNode = FALSE
	EndGlobalSection
	GlobalSection(ExtensibilityGlobals) = postSolution
		SolutionGuid = {2ED789EC-BABC-484D-A0B7-8C01BE9C10FD}
	EndGlobalSection
EndGlobal
