
Microsoft Visual Studio Solution File, Format Version 12.00
# Visual Studio Version 16
VisualStudioVersion = 16.0.32106.194
MinimumVisualStudioVersion = 10.0.40219.1
Project("{FAE04EC0-301F-11D3-BF4B-00C04F79EFBC}") = "02_With_Wisual_Studio_Project", "02_With_Wisual_Studio_Project\02_With_Wisual_Studio_Project.csproj", "{24048239-11FC-414B-A744-AF3602DF290A}"
EndProject
Global
	GlobalSection(SolutionConfigurationPlatforms) = preSolution
		Debug|Any CPU = Debug|Any CPU
		Release|Any CPU = Release|Any CPU
	EndGlobalSection
	GlobalSection(ProjectConfigurationPlatforms) = postSolution
		{24048239-11FC-414B-A744-AF3602DF290A}.Debug|Any CPU.ActiveCfg = Debug|Any CPU
		{24048239-11FC-414B-A744-AF3602DF290A}.Debug|Any CPU.Build.0 = Debug|Any CPU
		{24048239-11FC-414B-A744-AF3602DF290A}.Release|Any CPU.ActiveCfg = Release|Any CPU
		{24048239-11FC-414B-A744-AF3602DF290A}.Release|Any CPU.Build.0 = Release|Any CPU
	EndGlobalSection
	GlobalSection(SolutionProperties) = preSolution
		HideSolutionNode = FALSE
	EndGlobalSection
	GlobalSection(ExtensibilityGlobals) = postSolution
		SolutionGuid = {FE7165F0-E1EC-40D7-BC99-0F374FCB1D34}
	EndGlobalSection
EndGlobal
