
Microsoft Visual Studio Solution File, Format Version 12.00
# Visual Studio Version 16
VisualStudioVersion = 16.0.32106.194
MinimumVisualStudioVersion = 10.0.40219.1
Project("{FAE04EC0-301F-11D3-BF4B-00C04F79EFBC}") = "HaberSitesi", "HaberSitesi\HaberSitesi.csproj", "{261FCF1B-F9E0-4382-8D88-EFEF33658397}"
EndProject
Global
	GlobalSection(SolutionConfigurationPlatforms) = preSolution
		Debug|Any CPU = Debug|Any CPU
		Release|Any CPU = Release|Any CPU
	EndGlobalSection
	GlobalSection(ProjectConfigurationPlatforms) = postSolution
		{261FCF1B-F9E0-4382-8D88-EFEF33658397}.Debug|Any CPU.ActiveCfg = Debug|Any CPU
		{261FCF1B-F9E0-4382-8D88-EFEF33658397}.Debug|Any CPU.Build.0 = Debug|Any CPU
		{261FCF1B-F9E0-4382-8D88-EFEF33658397}.Release|Any CPU.ActiveCfg = Release|Any CPU
		{261FCF1B-F9E0-4382-8D88-EFEF33658397}.Release|Any CPU.Build.0 = Release|Any CPU
	EndGlobalSection
	GlobalSection(SolutionProperties) = preSolution
		HideSolutionNode = FALSE
	EndGlobalSection
	GlobalSection(ExtensibilityGlobals) = postSolution
		SolutionGuid = {8EE34563-B8CD-4015-9D7D-198EACB5CECE}
	EndGlobalSection
EndGlobal
