
Microsoft Visual Studio Solution File, Format Version 12.00
# Visual Studio Version 16
VisualStudioVersion = 16.0.32106.194
MinimumVisualStudioVersion = 10.0.40219.1
Project("{FAE04EC0-301F-11D3-BF4B-00C04F79EFBC}") = "repead_5042022", "repead_5042022\repead_5042022.csproj", "{2AF3B98E-9EF3-4A43-A619-0CFAC2BC3F5D}"
EndProject
Global
	GlobalSection(SolutionConfigurationPlatforms) = preSolution
		Debug|Any CPU = Debug|Any CPU
		Release|Any CPU = Release|Any CPU
	EndGlobalSection
	GlobalSection(ProjectConfigurationPlatforms) = postSolution
		{2AF3B98E-9EF3-4A43-A619-0CFAC2BC3F5D}.Debug|Any CPU.ActiveCfg = Debug|Any CPU
		{2AF3B98E-9EF3-4A43-A619-0CFAC2BC3F5D}.Debug|Any CPU.Build.0 = Debug|Any CPU
		{2AF3B98E-9EF3-4A43-A619-0CFAC2BC3F5D}.Release|Any CPU.ActiveCfg = Release|Any CPU
		{2AF3B98E-9EF3-4A43-A619-0CFAC2BC3F5D}.Release|Any CPU.Build.0 = Release|Any CPU
	EndGlobalSection
	GlobalSection(SolutionProperties) = preSolution
		HideSolutionNode = FALSE
	EndGlobalSection
	GlobalSection(ExtensibilityGlobals) = postSolution
		SolutionGuid = {9F3692D6-EB7D-4640-9A40-D6B4FD00731D}
	EndGlobalSection
EndGlobal
